// !$*UTF8*$!
{
	archiveVersion = 1;
	classes = {
	};
	objectVersion = 50;
	objects = {

/* Begin PBXBuildFile section */
		1045DCB421C44E0F00BC5782 /* AppDelegate.swift in Sources */ = {isa = PBXBuildFile; fileRef = 1045DCB321C44E0F00BC5782 /* AppDelegate.swift */; };
		1045DCB621C44E0F00BC5782 /* ViewController.swift in Sources */ = {isa = PBXBuildFile; fileRef = 1045DCB521C44E0F00BC5782 /* ViewController.swift */; };
		1045DCB921C44E0F00BC5782 /* Main.storyboard in Resources */ = {isa = PBXBuildFile; fileRef = 1045DCB721C44E0F00BC5782 /* Main.storyboard */; };
		1045DCBC21C44E0F00BC5782 /* CollectionViewIsEmpty.xcdatamodeld in Sources */ = {isa = PBXBuildFile; fileRef = 1045DCBA21C44E0F00BC5782 /* CollectionViewIsEmpty.xcdatamodeld */; };
		1045DCBE21C44E1700BC5782 /* Assets.xcassets in Resources */ = {isa = PBXBuildFile; fileRef = 1045DCBD21C44E1700BC5782 /* Assets.xcassets */; };
		1045DCC121C44E1700BC5782 /* LaunchScreen.storyboard in Resources */ = {isa = PBXBuildFile; fileRef = 1045DCBF21C44E1700BC5782 /* LaunchScreen.storyboard */; };
		1045DCC921C450B500BC5782 /* CollectionViewIsEmpty.swift in Sources */ = {isa = PBXBuildFile; fileRef = 1045DCC821C450B500BC5782 /* CollectionViewIsEmpty.swift */; };
/* End PBXBuildFile section */

/* Begin PBXFileReference section */
		1045DCB021C44E0F00BC5782 /* CollectionViewIsEmpty.app */ = {isa = PBXFileReference; explicitFileType = wrapper.application; includeInIndex = 0; path = CollectionViewIsEmpty.app; sourceTree = BUILT_PRODUCTS_DIR; };
		1045DCB321C44E0F00BC5782 /* AppDelegate.swift */ = {isa = PBXFileReference; lastKnownFileType = sourcecode.swift; path = AppDelegate.swift; sourceTree = "<group>"; };
		1045DCB521C44E0F00BC5782 /* ViewController.swift */ = {isa = PBXFileReference; lastKnownFileType = sourcecode.swift; path = ViewController.swift; sourceTree = "<group>"; };
		1045DCB821C44E0F00BC5782 /* Base */ = {isa = PBXFileReference; lastKnownFileType = file.storyboard; name = Base; path = Base.lproj/Main.storyboard; sourceTree = "<group>"; };
		1045DCBB21C44E0F00BC5782 /* CollectionViewIsEmpty.xcdatamodel */ = {isa = PBXFileReference; lastKnownFileType = wrapper.xcdatamodel; path = CollectionViewIsEmpty.xcdatamodel; sourceTree = "<group>"; };
		1045DCBD21C44E1700BC5782 /* Assets.xcassets */ = {isa = PBXFileReference; lastKnownFileType = folder.assetcatalog; path = Assets.xcassets; sourceTree = "<group>"; };
		1045DCC021C44E1700BC5782 /* Base */ = {isa = PBXFileReference; lastKnownFileType = file.storyboard; name = Base; path = Base.lproj/LaunchScreen.storyboard; sourceTree = "<group>"; };
		1045DCC221C44E1700BC5782 /* Info.plist */ = {isa = PBXFileReference; lastKnownFileType = text.plist.xml; path = Info.plist; sourceTree = "<group>"; };
		1045DCC821C450B500BC5782 /* CollectionViewIsEmpty.swift */ = {isa = PBXFileReference; lastKnownFileType = sourcecode.swift; path = CollectionViewIsEmpty.swift; sourceTree = "<group>"; };
/* End PBXFileReference section */

/* Begin PBXFrameworksBuildPhase section */
		1045DCAD21C44E0F00BC5782 /* Frameworks */ = {
			isa = PBXFrameworksBuildPhase;
			buildActionMask = 2147483647;
			files = (
			);
			runOnlyForDeploymentPostprocessing = 0;
		};
/* End PBXFrameworksBuildPhase section */

/* Begin PBXGroup section */
		1045DCA721C44E0E00BC5782 = {
			isa = PBXGroup;
			children = (
				1045DCB221C44E0F00BC5782 /* CollectionViewIsEmpty */,
				1045DCB121C44E0F00BC5782 /* Products */,
			);
			sourceTree = "<group>";
		};
		1045DCB121C44E0F00BC5782 /* Products */ = {
			isa = PBXGroup;
			children = (
				1045DCB021C44E0F00BC5782 /* CollectionViewIsEmpty.app */,
			);
			name = Products;
			sourceTree = "<group>";
		};
		1045DCB221C44E0F00BC5782 /* CollectionViewIsEmpty */ = {
			isa = PBXGroup;
			children = (
				1045DCB321C44E0F00BC5782 /* AppDelegate.swift */,
				1045DCC821C450B500BC5782 /* CollectionViewIsEmpty.swift */,
				1045DCB521C44E0F00BC5782 /* ViewController.swift */,
				1045DCB721C44E0F00BC5782 /* Main.storyboard */,
				1045DCBD21C44E1700BC5782 /* Assets.xcassets */,
				1045DCBF21C44E1700BC5782 /* LaunchScreen.storyboard */,
				1045DCC221C44E1700BC5782 /* Info.plist */,
				1045DCBA21C44E0F00BC5782 /* CollectionViewIsEmpty.xcdatamodeld */,
			);
			path = CollectionViewIsEmpty;
			sourceTree = "<group>";
		};
/* End PBXGroup section */

/* Begin PBXNativeTarget section */
		1045DCAF21C44E0F00BC5782 /* CollectionViewIsEmpty */ = {
			isa = PBXNativeTarget;
			buildConfigurationList = 1045DCC521C44E1700BC5782 /* Build configuration list for PBXNativeTarget "CollectionViewIsEmpty" */;
			buildPhases = (
				1045DCAC21C44E0F00BC5782 /* Sources */,
				1045DCAD21C44E0F00BC5782 /* Frameworks */,
				1045DCAE21C44E0F00BC5782 /* Resources */,
			);
			buildRules = (
			);
			dependencies = (
			);
			name = CollectionViewIsEmpty;
			productName = CollectionViewIsEmpty;
			productReference = 1045DCB021C44E0F00BC5782 /* CollectionViewIsEmpty.app */;
			productType = "com.apple.product-type.application";
		};
/* End PBXNativeTarget section */

/* Begin PBXProject section */
		1045DCA821C44E0E00BC5782 /* Project object */ = {
			isa = PBXProject;
			attributes = {
				LastSwiftUpdateCheck = 1010;
				LastUpgradeCheck = 1010;
				ORGANIZATIONNAME = "Jason Chalkley";
				TargetAttributes = {
					1045DCAF21C44E0F00BC5782 = {
						CreatedOnToolsVersion = 10.1;
					};
				};
			};
			buildConfigurationList = 1045DCAB21C44E0E00BC5782 /* Build configuration list for PBXProject "CollectionViewIsEmpty" */;
			compatibilityVersion = "Xcode 9.3";
			developmentRegion = en;
			hasScannedForEncodings = 0;
			knownRegions = (
				en,
				Base,
			);
			mainGroup = 1045DCA721C44E0E00BC5782;
			productRefGroup = 1045DCB121C44E0F00BC5782 /* Products */;
			projectDirPath = "";
			projectRoot = "";
			targets = (
				1045DCAF21C44E0F00BC5782 /* CollectionViewIsEmpty */,
			);
		};
/* End PBXProject section */

/* Begin PBXResourcesBuildPhase section */
		1045DCAE21C44E0F00BC5782 /* Resources */ = {
			isa = PBXResourcesBuildPhase;
			buildActionMask = 2147483647;
			files = (
				1045DCC121C44E1700BC5782 /* LaunchScreen.storyboard in Resources */,
				1045DCBE21C44E1700BC5782 /* Assets.xcassets in Resources */,
				1045DCB921C44E0F00BC5782 /* Main.storyboard in Resources */,
			);
			runOnlyForDeploymentPostprocessing = 0;
		};
/* End PBXResourcesBuildPhase section */

/* Begin PBXSourcesBuildPhase section */
		1045DCAC21C44E0F00BC5782 /* Sources */ = {
			isa = PBXSourcesBuildPhase;
			buildActionMask = 2147483647;
			files = (
				1045DCC921C450B500BC5782 /* CollectionViewIsEmpty.swift in Sources */,
				1045DCB621C44E0F00BC5782 /* ViewController.swift in Sources */,
				1045DCBC21C44E0F00BC5782 /* CollectionViewIsEmpty.xcdatamodeld in Sources */,
				1045DCB421C44E0F00BC5782 /* AppDelegate.swift in Sources */,
			);
			runOnlyForDeploymentPostprocessing = 0;
		};
/* End PBXSourcesBuildPhase section */

/* Begin PBXVariantGroup section */
		1045DCB721C44E0F00BC5782 /* Main.storyboard */ = {
			isa = PBXVariantGroup;
			children = (
				1045DCB821C44E0F00BC5782 /* Base */,
			);
			name = Main.storyboard;
			sourceTree = "<group>";
		};
		1045DCBF21C44E1700BC5782 /* LaunchScreen.storyboard */ = {
			isa = PBXVariantGroup;
			children = (
				1045DCC021C44E1700BC5782 /* Base */,
			);
			name = LaunchScreen.storyboard;
			sourceTree = "<group>";
		};
/* End PBXVariantGroup section */

/* Begin XCBuildConfiguration section */
		1045DCC321C44E1700BC5782 /* Debug */ = {
			isa = XCBuildConfiguration;
			buildSettings = {
				ALWAYS_SEARCH_USER_PATHS = NO;
				CLANG_ANALYZER_NONNULL = YES;
				CLANG_ANALYZER_NUMBER_OBJECT_CONVERSION = YES_AGGRESSIVE;
				CLANG_CXX_LANGUAGE_STANDARD = "gnu++14";
				CLANG_CXX_LIBRARY = "libc++";
				CLANG_ENABLE_MODULES = YES;
				CLANG_ENABLE_OBJC_ARC = YES;
				CLANG_ENABLE_OBJC_WEAK = YES;
				CLANG_WARN_BLOCK_CAPTURE_AUTORELEASING = YES;
				CLANG_WARN_BOOL_CONVERSION = YES;
				CLANG_WARN_COMMA = YES;
				CLANG_WARN_CONSTANT_CONVERSION = YES;
				CLANG_WARN_DEPRECATED_OBJC_IMPLEMENTATIONS = YES;
				CLANG_WARN_DIRECT_OBJC_ISA_USAGE = YES_ERROR;
				CLANG_WARN_DOCUMENTATION_COMMENTS = YES;
				CLANG_WARN_EMPTY_BODY = YES;
				CLANG_WARN_ENUM_CONVERSION = YES;
				CLANG_WARN_INFINITE_RECURSION = YES;
				CLANG_WARN_INT_CONVERSION = YES;
				CLANG_WARN_NON_LITERAL_NULL_CONVERSION = YES;
				CLANG_WARN_OBJC_IMPLICIT_RETAIN_SELF = YES;
				CLANG_WARN_OBJC_LITERAL_CONVERSION = YES;
				CLANG_WARN_OBJC_ROOT_CLASS = YES_ERROR;
				CLANG_WARN_RANGE_LOOP_ANALYSIS = YES;
				CLANG_WARN_STRICT_PROTOTYPES = YES;
				CLANG_WARN_SUSPICIOUS_MOVE = YES;
				CLANG_WARN_UNGUARDED_AVAILABILITY = YES_AGGRESSIVE;
				CLANG_WARN_UNREACHABLE_CODE = YES;
				CLANG_WARN__DUPLICATE_METHOD_MATCH = YES;
				CODE_SIGN_IDENTITY = "iPhone Developer";
				COPY_PHASE_STRIP = NO;
				DEBUG_INFORMATION_FORMAT = dwarf;
				ENABLE_STRICT_OBJC_MSGSEND = YES;
				ENABLE_TESTABILITY = YES;
				GCC_C_LANGUAGE_STANDARD = gnu11;
				GCC_DYNAMIC_NO_PIC = NO;
				GCC_NO_COMMON_BLOCKS = YES;
				GCC_OPTIMIZATION_LEVEL = 0;
				GCC_PREPROCESSOR_DEFINITIONS = (
					"DEBUG=1",
					"$(inherited)",
				);
				GCC_WARN_64_TO_32_BIT_CONVERSION = YES;
				GCC_WARN_ABOUT_RETURN_TYPE = YES_ERROR;
				GCC_WARN_UNDECLARED_SELECTOR = YES;
				GCC_WARN_UNINITIALIZED_AUTOS = YES_AGGRESSIVE;
				GCC_WARN_UNUSED_FUNCTION = YES;
				GCC_WARN_UNUSED_VARIABLE = YES;
				IPHONEOS_DEPLOYMENT_TARGET = 12.1;
				MTL_ENABLE_DEBUG_INFO = INCLUDE_SOURCE;
				MTL_FAST_MATH = YES;
				ONLY_ACTIVE_ARCH = YES;
				SDKROOT = iphoneos;
				SWIFT_ACTIVE_COMPILATION_CONDITIONS = DEBUG;
				SWIFT_OPTIMIZATION_LEVEL = "-Onone";
			};
			name = Debug;
		};
		1045DCC421C44E1700BC5782 /* Release */ = {
			isa = XCBuildConfiguration;
			buildSettings = {
				ALWAYS_SEARCH_USER_PATHS = NO;
				CLANG_ANALYZER_NONNULL = YES;
				CLANG_ANALYZER_NUMBER_OBJECT_CONVERSION = YES_AGGRESSIVE;
				CLANG_CXX_LANGUAGE_STANDARD = "gnu++14";
				CLANG_CXX_LIBRARY = "libc++";
				CLANG_ENABLE_MODULES = YES;
				CLANG_ENABLE_OBJC_ARC = YES;
				CLANG_ENABLE_OBJC_WEAK = YES;
				CLANG_WARN_BLOCK_CAPTURE_AUTORELEASING = YES;
				CLANG_WARN_BOOL_CONVERSION = YES;
				CLANG_WARN_COMMA = YES;
				CLANG_WARN_CONSTANT_CONVERSION = YES;
				CLANG_WARN_DEPRECATED_OBJC_IMPLEMENTATIONS = YES;
				CLANG_WARN_DIRECT_OBJC_ISA_USAGE = YES_ERROR;
				CLANG_WARN_DOCUMENTATION_COMMENTS = YES;
				CLANG_WARN_EMPTY_BODY = YES;
				CLANG_WARN_ENUM_CONVERSION = YES;
				CLANG_WARN_INFINITE_RECURSION = YES;
				CLANG_WARN_INT_CONVERSION = YES;
				CLANG_WARN_NON_LITERAL_NULL_CONVERSION = YES;
				CLANG_WARN_OBJC_IMPLICIT_RETAIN_SELF = YES;
				CLANG_WARN_OBJC_LITERAL_CONVERSION = YES;
				CLANG_WARN_OBJC_ROOT_CLASS = YES_ERROR;
				CLANG_WARN_RANGE_LOOP_ANALYSIS = YES;
				CLANG_WARN_STRICT_PROTOTYPES = YES;
				CLANG_WARN_SUSPICIOUS_MOVE = YES;
				CLANG_WARN_UNGUARDED_AVAILABILITY = YES_AGGRESSIVE;
				CLANG_WARN_UNREACHABLE_CODE = YES;
				CLANG_WARN__DUPLICATE_METHOD_MATCH = YES;
				CODE_SIGN_IDENTITY = "iPhone Developer";
				COPY_PHASE_STRIP = NO;
				DEBUG_INFORMATION_FORMAT = "dwarf-with-dsym";
				ENABLE_NS_ASSERTIONS = NO;
				ENABLE_STRICT_OBJC_MSGSEND = YES;
				GCC_C_LANGUAGE_STANDARD = gnu11;
				GCC_NO_COMMON_BLOCKS = YES;
				GCC_WARN_64_TO_32_BIT_CONVERSION = YES;
				GCC_WARN_ABOUT_RETURN_TYPE = YES_ERROR;
				GCC_WARN_UNDECLARED_SELECTOR = YES;
				GCC_WARN_UNINITIALIZED_AUTOS = YES_AGGRESSIVE;
				GCC_WARN_UNUSED_FUNCTION = YES;
				GCC_WARN_UNUSED_VARIABLE = YES;
				IPHONEOS_DEPLOYMENT_TARGET = 12.1;
				MTL_ENABLE_DEBUG_INFO = NO;
				MTL_FAST_MATH = YES;
				SDKROOT = iphoneos;
				SWIFT_COMPILATION_MODE = wholemodule;
				SWIFT_OPTIMIZATION_LEVEL = "-O";
				VALIDATE_PRODUCT = YES;
			};
			name = Release;
		};
		1045DCC621C44E1700BC5782 /* Debug */ = {
			isa = XCBuildConfiguration;
			buildSettings = {
				ASSETCATALOG_COMPILER_APPICON_NAME = AppIcon;
				CODE_SIGN_STYLE = Automatic;
				DEVELOPMENT_TEAM = 7WF5SPM8DB;
				INFOPLIST_FILE = CollectionViewIsEmpty/Info.plist;
				LD_RUNPATH_SEARCH_PATHS = (
					"$(inherited)",
					"@executable_path/Frameworks",
				);
				PRODUCT_BUNDLE_IDENTIFIER = Future.CollectionViewIsEmpty;
				PRODUCT_NAME = "$(TARGET_NAME)";
				SWIFT_VERSION = 4.2;
				TARGETED_DEVICE_FAMILY = "1,2";
			};
			name = Debug;
		};
		1045DCC721C44E1700BC5782 /* Release */ = {
			isa = XCBuildConfiguration;
			buildSettings = {
				ASSETCATALOG_COMPILER_APPICON_NAME = AppIcon;
				CODE_SIGN_STYLE = Automatic;
				DEVELOPMENT_TEAM = 7WF5SPM8DB;
				INFOPLIST_FILE = CollectionViewIsEmpty/Info.plist;
				LD_RUNPATH_SEARCH_PATHS = (
					"$(inherited)",
					"@executable_path/Frameworks",
				);
				PRODUCT_BUNDLE_IDENTIFIER = Future.CollectionViewIsEmpty;
				PRODUCT_NAME = "$(TARGET_NAME)";
				SWIFT_VERSION = 4.2;
				TARGETED_DEVICE_FAMILY = "1,2";
			};
			name = Release;
		};
/* End XCBuildConfiguration section */

/* Begin XCConfigurationList section */
		1045DCAB21C44E0E00BC5782 /* Build configuration list for PBXProject "CollectionViewIsEmpty" */ = {
			isa = XCConfigurationList;
			buildConfigurations = (
				1045DCC321C44E1700BC5782 /* Debug */,
				1045DCC421C44E1700BC5782 /* Release */,
			);
			defaultConfigurationIsVisible = 0;
			defaultConfigurationName = Release;
		};
		1045DCC521C44E1700BC5782 /* Build configuration list for PBXNativeTarget "CollectionViewIsEmpty" */ = {
			isa = XCConfigurationList;
			buildConfigurations = (
				1045DCC621C44E1700BC5782 /* Debug */,
				1045DCC721C44E1700BC5782 /* Release */,
			);
			defaultConfigurationIsVisible = 0;
			defaultConfigurationName = Release;
		};
/* End XCConfigurationList section */

/* Begin XCVersionGroup section */
		1045DCBA21C44E0F00BC5782 /* CollectionViewIsEmpty.xcdatamodeld */ = {
			isa = XCVersionGroup;
			children = (
				1045DCBB21C44E0F00BC5782 /* CollectionViewIsEmpty.xcdatamodel */,
			);
			currentVersion = 1045DCBB21C44E0F00BC5782 /* CollectionViewIsEmpty.xcdatamodel */;
			path = CollectionViewIsEmpty.xcdatamodeld;
			sourceTree = "<group>";
			versionGroupType = wrapper.xcdatamodel;
		};
/* End XCVersionGroup section */
	};
	rootObject = 1045DCA821C44E0E00BC5782 /* Project object */;
}
